<Solution>
  <Folder Name="/src/" />
  <Folder Name="/src/Bootstrapper/">
    <Project Path="src/Bootstrapper/DDDTemplate.Api/DDDTemplate.Api.csproj" />
  </Folder>
  <Folder Name="/src/BuildingBlocks/">
    <Project Path="src/BuildingBlocks/BuildingBlocks.Application/BuildingBlocks.Application.csproj" />
    <Project Path="src/BuildingBlocks/BuildingBlocks.Domain/BuildingBlocks.Domain.csproj" />
    <Project Path="src/BuildingBlocks/BuildingBlocks.Infrastructure/BuildingBlocks.Infrastructure.csproj" />
    <Project Path="src/BuildingBlocks/BuildingBlocks.Presentation/BuildingBlocks.Presentation.csproj" />
  </Folder>
  <Folder Name="/src/Modules/" />
  <Folder Name="/src/Modules/Orders/">
    <Project Path="src/Modules/Orders/Orders.Application/Orders.Application.csproj" />
    <Project Path="src/Modules/Orders/Orders.Contracts/Orders.Contracts.csproj" />
    <Project Path="src/Modules/Orders/Orders.Domain/Orders.Domain.csproj" />
    <Project Path="src/Modules/Orders/Orders.Infrastructure/Orders.Infrastructure.csproj" />
    <Project Path="src/Modules/Orders/Orders.Presentation/Orders.Presentation.csproj" />
  </Folder>
  <Folder Name="/src/Modules/Users/">
    <Project Path="src/Modules/Users/Users.Application/Users.Application.csproj" />
    <Project Path="src/Modules/Users/Users.Contracts/Users.Contracts.csproj" />
    <Project Path="src/Modules/Users/Users.Domain/Users.Domain.csproj" />
    <Project Path="src/Modules/Users/Users.Infrastructure/Users.Infrastructure.csproj" />
    <Project Path="src/Modules/Users/Users.Presentation/Users.Presentation.csproj" />
  </Folder>
  <Folder Name="/tests/">
    <Project Path="tests/ArchitectureTests/ArchitectureTests.csproj" />
    <Project Path="tests/BuildingBlocks.UnitTests/BuildingBlocks.UnitTests.csproj" />
  </Folder>
  <Folder Name="/tests/Modules/">
    <Project Path="tests/Modules/Orders.UnitTests/Orders.UnitTests.csproj" />
    <Project Path="tests/Modules/Users.UnitTests/Users.UnitTests.csproj" />
  </Folder>
</Solution>
